// !$*UTF8*$!
{
	archiveVersion = 1;
	classes = {
	};
	objectVersion = 56;
	objects = {

/* Begin PBXBuildFile section */
		18210FA82AC6FBEE0062BCFC /* ThreadsCloneApp.swift in Sources */ = {isa = PBXBuildFile; fileRef = 18210FA72AC6FBEE0062BCFC /* ThreadsCloneApp.swift */; };
		18210FAA2AC6FBEE0062BCFC /* ContentView.swift in Sources */ = {isa = PBXBuildFile; fileRef = 18210FA92AC6FBEE0062BCFC /* ContentView.swift */; };
		18210FAC2AC6FBEF0062BCFC /* Assets.xcassets in Resources */ = {isa = PBXBuildFile; fileRef = 18210FAB2AC6FBEF0062BCFC /* Assets.xcassets */; };
		18210FAF2AC6FBEF0062BCFC /* Preview Assets.xcassets in Resources */ = {isa = PBXBuildFile; fileRef = 18210FAE2AC6FBEF0062BCFC /* Preview Assets.xcassets */; };
		18210FBF2AC700460062BCFC /* LoginView.swift in Sources */ = {isa = PBXBuildFile; fileRef = 18210FBE2AC700460062BCFC /* LoginView.swift */; };
		18210FC12AC705B90062BCFC /* RegistrationView.swift in Sources */ = {isa = PBXBuildFile; fileRef = 18210FC02AC705B90062BCFC /* RegistrationView.swift */; };
		18210FC42AC707290062BCFC /* ThreadsTextFieldModifier.swift in Sources */ = {isa = PBXBuildFile; fileRef = 18210FC32AC707290062BCFC /* ThreadsTextFieldModifier.swift */; };
		18210FC62AC708540062BCFC /* ButtonFieldModifier.swift in Sources */ = {isa = PBXBuildFile; fileRef = 18210FC52AC708540062BCFC /* ButtonFieldModifier.swift */; };
		18210FC92AC70A9A0062BCFC /* ThreadsTabView.swift in Sources */ = {isa = PBXBuildFile; fileRef = 18210FC82AC70A990062BCFC /* ThreadsTabView.swift */; };
		18210FCD2AC70E1A0062BCFC /* FeedView.swift in Sources */ = {isa = PBXBuildFile; fileRef = 18210FCC2AC70E1A0062BCFC /* FeedView.swift */; };
		18210FD12AC70E4E0062BCFC /* ExploreView.swift in Sources */ = {isa = PBXBuildFile; fileRef = 18210FD02AC70E4E0062BCFC /* ExploreView.swift */; };
		18210FD52AC70E7B0062BCFC /* UploadThreadView.swift in Sources */ = {isa = PBXBuildFile; fileRef = 18210FD42AC70E7B0062BCFC /* UploadThreadView.swift */; };
		18210FD92AC70EA60062BCFC /* ActivityView.swift in Sources */ = {isa = PBXBuildFile; fileRef = 18210FD82AC70EA60062BCFC /* ActivityView.swift */; };
		18210FDD2AC70EDA0062BCFC /* ProfileView.swift in Sources */ = {isa = PBXBuildFile; fileRef = 18210FDC2AC70EDA0062BCFC /* ProfileView.swift */; };
		18210FDF2AC70FB90062BCFC /* ThreadCellView.swift in Sources */ = {isa = PBXBuildFile; fileRef = 18210FDE2AC70FB90062BCFC /* ThreadCellView.swift */; };
/* End PBXBuildFile section */

/* Begin PBXFileReference section */
		18210FA42AC6FBEE0062BCFC /* ThreadsClone.app */ = {isa = PBXFileReference; explicitFileType = wrapper.application; includeInIndex = 0; path = ThreadsClone.app; sourceTree = BUILT_PRODUCTS_DIR; };
		18210FA72AC6FBEE0062BCFC /* ThreadsCloneApp.swift */ = {isa = PBXFileReference; lastKnownFileType = sourcecode.swift; path = ThreadsCloneApp.swift; sourceTree = "<group>"; };
		18210FA92AC6FBEE0062BCFC /* ContentView.swift */ = {isa = PBXFileReference; lastKnownFileType = sourcecode.swift; path = ContentView.swift; sourceTree = "<group>"; };
		18210FAB2AC6FBEF0062BCFC /* Assets.xcassets */ = {isa = PBXFileReference; lastKnownFileType = folder.assetcatalog; path = Assets.xcassets; sourceTree = "<group>"; };
		18210FAE2AC6FBEF0062BCFC /* Preview Assets.xcassets */ = {isa = PBXFileReference; lastKnownFileType = folder.assetcatalog; path = "Preview Assets.xcassets"; sourceTree = "<group>"; };
		18210FBE2AC700460062BCFC /* LoginView.swift */ = {isa = PBXFileReference; lastKnownFileType = sourcecode.swift; path = LoginView.swift; sourceTree = "<group>"; };
		18210FC02AC705B90062BCFC /* RegistrationView.swift */ = {isa = PBXFileReference; lastKnownFileType = sourcecode.swift; path = RegistrationView.swift; sourceTree = "<group>"; };
		18210FC32AC707290062BCFC /* ThreadsTextFieldModifier.swift */ = {isa = PBXFileReference; lastKnownFileType = sourcecode.swift; path = ThreadsTextFieldModifier.swift; sourceTree = "<group>"; };
		18210FC52AC708540062BCFC /* ButtonFieldModifier.swift */ = {isa = PBXFileReference; lastKnownFileType = sourcecode.swift; path = ButtonFieldModifier.swift; sourceTree = "<group>"; };
		18210FC82AC70A990062BCFC /* ThreadsTabView.swift */ = {isa = PBXFileReference; lastKnownFileType = sourcecode.swift; path = ThreadsTabView.swift; sourceTree = "<group>"; };
		18210FCC2AC70E1A0062BCFC /* FeedView.swift */ = {isa = PBXFileReference; lastKnownFileType = sourcecode.swift; path = FeedView.swift; sourceTree = "<group>"; };
		18210FD02AC70E4E0062BCFC /* ExploreView.swift */ = {isa = PBXFileReference; lastKnownFileType = sourcecode.swift; path = ExploreView.swift; sourceTree = "<group>"; };
		18210FD42AC70E7B0062BCFC /* UploadThreadView.swift */ = {isa = PBXFileReference; lastKnownFileType = sourcecode.swift; path = UploadThreadView.swift; sourceTree = "<group>"; };
		18210FD82AC70EA60062BCFC /* ActivityView.swift */ = {isa = PBXFileReference; lastKnownFileType = sourcecode.swift; path = ActivityView.swift; sourceTree = "<group>"; };
		18210FDC2AC70EDA0062BCFC /* ProfileView.swift */ = {isa = PBXFileReference; lastKnownFileType = sourcecode.swift; path = ProfileView.swift; sourceTree = "<group>"; };
		18210FDE2AC70FB90062BCFC /* ThreadCellView.swift */ = {isa = PBXFileReference; lastKnownFileType = sourcecode.swift; path = ThreadCellView.swift; sourceTree = "<group>"; };
/* End PBXFileReference section */

/* Begin PBXFrameworksBuildPhase section */
		18210FA12AC6FBEE0062BCFC /* Frameworks */ = {
			isa = PBXFrameworksBuildPhase;
			buildActionMask = 2147483647;
			files = (
			);
			runOnlyForDeploymentPostprocessing = 0;
		};
/* End PBXFrameworksBuildPhase section */

/* Begin PBXGroup section */
		18210F9B2AC6FBEE0062BCFC = {
			isa = PBXGroup;
			children = (
				18210FA62AC6FBEE0062BCFC /* ThreadsClone */,
				18210FA52AC6FBEE0062BCFC /* Products */,
			);
			sourceTree = "<group>";
		};
		18210FA52AC6FBEE0062BCFC /* Products */ = {
			isa = PBXGroup;
			children = (
				18210FA42AC6FBEE0062BCFC /* ThreadsClone.app */,
			);
			name = Products;
			sourceTree = "<group>";
		};
		18210FA62AC6FBEE0062BCFC /* ThreadsClone */ = {
			isa = PBXGroup;
			children = (
				18210FBA2AC700080062BCFC /* Utility */,
				18210FB92AC700030062BCFC /* Services */,
				18210FB82AC6FFFF0062BCFC /* Model */,
				18210FB72AC6FFF80062BCFC /* Extensions */,
				18210FB62AC6FFF40062BCFC /* Core */,
				18210FB52AC6FFE60062BCFC /* App */,
				18210FAB2AC6FBEF0062BCFC /* Assets.xcassets */,
				18210FAD2AC6FBEF0062BCFC /* Preview Content */,
			);
			path = ThreadsClone;
			sourceTree = "<group>";
		};
		18210FAD2AC6FBEF0062BCFC /* Preview Content */ = {
			isa = PBXGroup;
			children = (
				18210FAE2AC6FBEF0062BCFC /* Preview Assets.xcassets */,
			);
			path = "Preview Content";
			sourceTree = "<group>";
		};
		18210FB52AC6FFE60062BCFC /* App */ = {
			isa = PBXGroup;
			children = (
				18210FA72AC6FBEE0062BCFC /* ThreadsCloneApp.swift */,
			);
			path = App;
			sourceTree = "<group>";
		};
		18210FB62AC6FFF40062BCFC /* Core */ = {
			isa = PBXGroup;
			children = (
				18210FDA2AC70EC60062BCFC /* Profile */,
				18210FD62AC70E930062BCFC /* Activity */,
				18210FD22AC70E680062BCFC /* UploadThread */,
				18210FCE2AC70E3C0062BCFC /* Explore */,
				18210FCA2AC70E030062BCFC /* Feed */,
				18210FC72AC70A7E0062BCFC /* TabBar */,
				18210FBC2AC700290062BCFC /* Root */,
				18210FBB2AC7001D0062BCFC /* Authentication */,
			);
			path = Core;
			sourceTree = "<group>";
		};
		18210FB72AC6FFF80062BCFC /* Extensions */ = {
			isa = PBXGroup;
			children = (
			);
			path = Extensions;
			sourceTree = "<group>";
		};
		18210FB82AC6FFFF0062BCFC /* Model */ = {
			isa = PBXGroup;
			children = (
			);
			path = Model;
			sourceTree = "<group>";
		};
		18210FB92AC700030062BCFC /* Services */ = {
			isa = PBXGroup;
			children = (
			);
			path = Services;
			sourceTree = "<group>";
		};
		18210FBA2AC700080062BCFC /* Utility */ = {
			isa = PBXGroup;
			children = (
				18210FC22AC707120062BCFC /* View Modifiers */,
			);
			path = Utility;
			sourceTree = "<group>";
		};
		18210FBB2AC7001D0062BCFC /* Authentication */ = {
			isa = PBXGroup;
			children = (
				18210FBD2AC700340062BCFC /* Views */,
			);
			path = Authentication;
			sourceTree = "<group>";
		};
		18210FBC2AC700290062BCFC /* Root */ = {
			isa = PBXGroup;
			children = (
				18210FA92AC6FBEE0062BCFC /* ContentView.swift */,
			);
			path = Root;
			sourceTree = "<group>";
		};
		18210FBD2AC700340062BCFC /* Views */ = {
			isa = PBXGroup;
			children = (
				18210FBE2AC700460062BCFC /* LoginView.swift */,
				18210FC02AC705B90062BCFC /* RegistrationView.swift */,
			);
			path = Views;
			sourceTree = "<group>";
		};
		18210FC22AC707120062BCFC /* View Modifiers */ = {
			isa = PBXGroup;
			children = (
				18210FC32AC707290062BCFC /* ThreadsTextFieldModifier.swift */,
				18210FC52AC708540062BCFC /* ButtonFieldModifier.swift */,
			);
			path = "View Modifiers";
			sourceTree = "<group>";
		};
		18210FC72AC70A7E0062BCFC /* TabBar */ = {
			isa = PBXGroup;
			children = (
				18210FC82AC70A990062BCFC /* ThreadsTabView.swift */,
			);
			path = TabBar;
			sourceTree = "<group>";
		};
		18210FCA2AC70E030062BCFC /* Feed */ = {
			isa = PBXGroup;
			children = (
				18210FCB2AC70E0E0062BCFC /* View */,
			);
			path = Feed;
			sourceTree = "<group>";
		};
		18210FCB2AC70E0E0062BCFC /* View */ = {
			isa = PBXGroup;
			children = (
				18210FCC2AC70E1A0062BCFC /* FeedView.swift */,
				18210FDE2AC70FB90062BCFC /* ThreadCellView.swift */,
			);
			path = View;
			sourceTree = "<group>";
		};
		18210FCE2AC70E3C0062BCFC /* Explore */ = {
			isa = PBXGroup;
			children = (
				18210FCF2AC70E430062BCFC /* View */,
			);
			path = Explore;
			sourceTree = "<group>";
		};
		18210FCF2AC70E430062BCFC /* View */ = {
			isa = PBXGroup;
			children = (
				18210FD02AC70E4E0062BCFC /* ExploreView.swift */,
			);
			path = View;
			sourceTree = "<group>";
		};
		18210FD22AC70E680062BCFC /* UploadThread */ = {
			isa = PBXGroup;
			children = (
				18210FD32AC70E6E0062BCFC /* View */,
			);
			path = UploadThread;
			sourceTree = "<group>";
		};
		18210FD32AC70E6E0062BCFC /* View */ = {
			isa = PBXGroup;
			children = (
				18210FD42AC70E7B0062BCFC /* UploadThreadView.swift */,
			);
			path = View;
			sourceTree = "<group>";
		};
		18210FD62AC70E930062BCFC /* Activity */ = {
			isa = PBXGroup;
			children = (
				18210FD72AC70E990062BCFC /* View */,
			);
			path = Activity;
			sourceTree = "<group>";
		};
		18210FD72AC70E990062BCFC /* View */ = {
			isa = PBXGroup;
			children = (
				18210FD82AC70EA60062BCFC /* ActivityView.swift */,
			);
			path = View;
			sourceTree = "<group>";
		};
		18210FDA2AC70EC60062BCFC /* Profile */ = {
			isa = PBXGroup;
			children = (
				18210FDB2AC70ECB0062BCFC /* View */,
			);
			path = Profile;
			sourceTree = "<group>";
		};
		18210FDB2AC70ECB0062BCFC /* View */ = {
			isa = PBXGroup;
			children = (
				18210FDC2AC70EDA0062BCFC /* ProfileView.swift */,
			);
			path = View;
			sourceTree = "<group>";
		};
/* End PBXGroup section */

/* Begin PBXNativeTarget section */
		18210FA32AC6FBEE0062BCFC /* ThreadsClone */ = {
			isa = PBXNativeTarget;
			buildConfigurationList = 18210FB22AC6FBEF0062BCFC /* Build configuration list for PBXNativeTarget "ThreadsClone" */;
			buildPhases = (
				18210FA02AC6FBEE0062BCFC /* Sources */,
				18210FA12AC6FBEE0062BCFC /* Frameworks */,
				18210FA22AC6FBEE0062BCFC /* Resources */,
			);
			buildRules = (
			);
			dependencies = (
			);
			name = ThreadsClone;
			productName = ThreadsClone;
			productReference = 18210FA42AC6FBEE0062BCFC /* ThreadsClone.app */;
			productType = "com.apple.product-type.application";
		};
/* End PBXNativeTarget section */

/* Begin PBXProject section */
		18210F9C2AC6FBEE0062BCFC /* Project object */ = {
			isa = PBXProject;
			attributes = {
				BuildIndependentTargetsInParallel = 1;
				LastSwiftUpdateCheck = 1500;
				LastUpgradeCheck = 1500;
				TargetAttributes = {
					18210FA32AC6FBEE0062BCFC = {
						CreatedOnToolsVersion = 15.0;
					};
				};
			};
			buildConfigurationList = 18210F9F2AC6FBEE0062BCFC /* Build configuration list for PBXProject "ThreadsClone" */;
			compatibilityVersion = "Xcode 14.0";
			developmentRegion = en;
			hasScannedForEncodings = 0;
			knownRegions = (
				en,
				Base,
			);
			mainGroup = 18210F9B2AC6FBEE0062BCFC;
			productRefGroup = 18210FA52AC6FBEE0062BCFC /* Products */;
			projectDirPath = "";
			projectRoot = "";
			targets = (
				18210FA32AC6FBEE0062BCFC /* ThreadsClone */,
			);
		};
/* End PBXProject section */

/* Begin PBXResourcesBuildPhase section */
		18210FA22AC6FBEE0062BCFC /* Resources */ = {
			isa = PBXResourcesBuildPhase;
			buildActionMask = 2147483647;
			files = (
				18210FAF2AC6FBEF0062BCFC /* Preview Assets.xcassets in Resources */,
				18210FAC2AC6FBEF0062BCFC /* Assets.xcassets in Resources */,
			);
			runOnlyForDeploymentPostprocessing = 0;
		};
/* End PBXResourcesBuildPhase section */

/* Begin PBXSourcesBuildPhase section */
		18210FA02AC6FBEE0062BCFC /* Sources */ = {
			isa = PBXSourcesBuildPhase;
			buildActionMask = 2147483647;
			files = (
				18210FD92AC70EA60062BCFC /* ActivityView.swift in Sources */,
				18210FCD2AC70E1A0062BCFC /* FeedView.swift in Sources */,
				18210FD52AC70E7B0062BCFC /* UploadThreadView.swift in Sources */,
				18210FD12AC70E4E0062BCFC /* ExploreView.swift in Sources */,
				18210FDD2AC70EDA0062BCFC /* ProfileView.swift in Sources */,
				18210FDF2AC70FB90062BCFC /* ThreadCellView.swift in Sources */,
				18210FBF2AC700460062BCFC /* LoginView.swift in Sources */,
				18210FC92AC70A9A0062BCFC /* ThreadsTabView.swift in Sources */,
				18210FAA2AC6FBEE0062BCFC /* ContentView.swift in Sources */,
				18210FC42AC707290062BCFC /* ThreadsTextFieldModifier.swift in Sources */,
				18210FC62AC708540062BCFC /* ButtonFieldModifier.swift in Sources */,
				18210FA82AC6FBEE0062BCFC /* ThreadsCloneApp.swift in Sources */,
				18210FC12AC705B90062BCFC /* RegistrationView.swift in Sources */,
			);
			runOnlyForDeploymentPostprocessing = 0;
		};
/* End PBXSourcesBuildPhase section */

/* Begin XCBuildConfiguration section */
		18210FB02AC6FBEF0062BCFC /* Debug */ = {
			isa = XCBuildConfiguration;
			buildSettings = {
				ALWAYS_SEARCH_USER_PATHS = NO;
				ASSETCATALOG_COMPILER_GENERATE_SWIFT_ASSET_SYMBOL_EXTENSIONS = YES;
				CLANG_ANALYZER_NONNULL = YES;
				CLANG_ANALYZER_NUMBER_OBJECT_CONVERSION = YES_AGGRESSIVE;
				CLANG_CXX_LANGUAGE_STANDARD = "gnu++20";
				CLANG_ENABLE_MODULES = YES;
				CLANG_ENABLE_OBJC_ARC = YES;
				CLANG_ENABLE_OBJC_WEAK = YES;
				CLANG_WARN_BLOCK_CAPTURE_AUTORELEASING = YES;
				CLANG_WARN_BOOL_CONVERSION = YES;
				CLANG_WARN_COMMA = YES;
				CLANG_WARN_CONSTANT_CONVERSION = YES;
				CLANG_WARN_DEPRECATED_OBJC_IMPLEMENTATIONS = YES;
				CLANG_WARN_DIRECT_OBJC_ISA_USAGE = YES_ERROR;
				CLANG_WARN_DOCUMENTATION_COMMENTS = YES;
				CLANG_WARN_EMPTY_BODY = YES;
				CLANG_WARN_ENUM_CONVERSION = YES;
				CLANG_WARN_INFINITE_RECURSION = YES;
				CLANG_WARN_INT_CONVERSION = YES;
				CLANG_WARN_NON_LITERAL_NULL_CONVERSION = YES;
				CLANG_WARN_OBJC_IMPLICIT_RETAIN_SELF = YES;
				CLANG_WARN_OBJC_LITERAL_CONVERSION = YES;
				CLANG_WARN_OBJC_ROOT_CLASS = YES_ERROR;
				CLANG_WARN_QUOTED_INCLUDE_IN_FRAMEWORK_HEADER = YES;
				CLANG_WARN_RANGE_LOOP_ANALYSIS = YES;
				CLANG_WARN_STRICT_PROTOTYPES = YES;
				CLANG_WARN_SUSPICIOUS_MOVE = YES;
				CLANG_WARN_UNGUARDED_AVAILABILITY = YES_AGGRESSIVE;
				CLANG_WARN_UNREACHABLE_CODE = YES;
				CLANG_WARN__DUPLICATE_METHOD_MATCH = YES;
				COPY_PHASE_STRIP = NO;
				DEBUG_INFORMATION_FORMAT = dwarf;
				ENABLE_STRICT_OBJC_MSGSEND = YES;
				ENABLE_TESTABILITY = YES;
				ENABLE_USER_SCRIPT_SANDBOXING = YES;
				GCC_C_LANGUAGE_STANDARD = gnu17;
				GCC_DYNAMIC_NO_PIC = NO;
				GCC_NO_COMMON_BLOCKS = YES;
				GCC_OPTIMIZATION_LEVEL = 0;
				GCC_PREPROCESSOR_DEFINITIONS = (
					"DEBUG=1",
					"$(inherited)",
				);
				GCC_WARN_64_TO_32_BIT_CONVERSION = YES;
				GCC_WARN_ABOUT_RETURN_TYPE = YES_ERROR;
				GCC_WARN_UNDECLARED_SELECTOR = YES;
				GCC_WARN_UNINITIALIZED_AUTOS = YES_AGGRESSIVE;
				GCC_WARN_UNUSED_FUNCTION = YES;
				GCC_WARN_UNUSED_VARIABLE = YES;
				IPHONEOS_DEPLOYMENT_TARGET = 17.0;
				LOCALIZATION_PREFERS_STRING_CATALOGS = YES;
				MTL_ENABLE_DEBUG_INFO = INCLUDE_SOURCE;
				MTL_FAST_MATH = YES;
				ONLY_ACTIVE_ARCH = YES;
				SDKROOT = iphoneos;
				SWIFT_ACTIVE_COMPILATION_CONDITIONS = "DEBUG $(inherited)";
				SWIFT_OPTIMIZATION_LEVEL = "-Onone";
			};
			name = Debug;
		};
		18210FB12AC6FBEF0062BCFC /* Release */ = {
			isa = XCBuildConfiguration;
			buildSettings = {
				ALWAYS_SEARCH_USER_PATHS = NO;
				ASSETCATALOG_COMPILER_GENERATE_SWIFT_ASSET_SYMBOL_EXTENSIONS = YES;
				CLANG_ANALYZER_NONNULL = YES;
				CLANG_ANALYZER_NUMBER_OBJECT_CONVERSION = YES_AGGRESSIVE;
				CLANG_CXX_LANGUAGE_STANDARD = "gnu++20";
				CLANG_ENABLE_MODULES = YES;
				CLANG_ENABLE_OBJC_ARC = YES;
				CLANG_ENABLE_OBJC_WEAK = YES;
				CLANG_WARN_BLOCK_CAPTURE_AUTORELEASING = YES;
				CLANG_WARN_BOOL_CONVERSION = YES;
				CLANG_WARN_COMMA = YES;
				CLANG_WARN_CONSTANT_CONVERSION = YES;
				CLANG_WARN_DEPRECATED_OBJC_IMPLEMENTATIONS = YES;
				CLANG_WARN_DIRECT_OBJC_ISA_USAGE = YES_ERROR;
				CLANG_WARN_DOCUMENTATION_COMMENTS = YES;
				CLANG_WARN_EMPTY_BODY = YES;
				CLANG_WARN_ENUM_CONVERSION = YES;
				CLANG_WARN_INFINITE_RECURSION = YES;
				CLANG_WARN_INT_CONVERSION = YES;
				CLANG_WARN_NON_LITERAL_NULL_CONVERSION = YES;
				CLANG_WARN_OBJC_IMPLICIT_RETAIN_SELF = YES;
				CLANG_WARN_OBJC_LITERAL_CONVERSION = YES;
				CLANG_WARN_OBJC_ROOT_CLASS = YES_ERROR;
				CLANG_WARN_QUOTED_INCLUDE_IN_FRAMEWORK_HEADER = YES;
				CLANG_WARN_RANGE_LOOP_ANALYSIS = YES;
				CLANG_WARN_STRICT_PROTOTYPES = YES;
				CLANG_WARN_SUSPICIOUS_MOVE = YES;
				CLANG_WARN_UNGUARDED_AVAILABILITY = YES_AGGRESSIVE;
				CLANG_WARN_UNREACHABLE_CODE = YES;
				CLANG_WARN__DUPLICATE_METHOD_MATCH = YES;
				COPY_PHASE_STRIP = NO;
				DEBUG_INFORMATION_FORMAT = "dwarf-with-dsym";
				ENABLE_NS_ASSERTIONS = NO;
				ENABLE_STRICT_OBJC_MSGSEND = YES;
				ENABLE_USER_SCRIPT_SANDBOXING = YES;
				GCC_C_LANGUAGE_STANDARD = gnu17;
				GCC_NO_COMMON_BLOCKS = YES;
				GCC_WARN_64_TO_32_BIT_CONVERSION = YES;
				GCC_WARN_ABOUT_RETURN_TYPE = YES_ERROR;
				GCC_WARN_UNDECLARED_SELECTOR = YES;
				GCC_WARN_UNINITIALIZED_AUTOS = YES_AGGRESSIVE;
				GCC_WARN_UNUSED_FUNCTION = YES;
				GCC_WARN_UNUSED_VARIABLE = YES;
				IPHONEOS_DEPLOYMENT_TARGET = 17.0;
				LOCALIZATION_PREFERS_STRING_CATALOGS = YES;
				MTL_ENABLE_DEBUG_INFO = NO;
				MTL_FAST_MATH = YES;
				SDKROOT = iphoneos;
				SWIFT_COMPILATION_MODE = wholemodule;
				VALIDATE_PRODUCT = YES;
			};
			name = Release;
		};
		18210FB32AC6FBEF0062BCFC /* Debug */ = {
			isa = XCBuildConfiguration;
			buildSettings = {
				ASSETCATALOG_COMPILER_APPICON_NAME = AppIcon;
				ASSETCATALOG_COMPILER_GLOBAL_ACCENT_COLOR_NAME = AccentColor;
				CODE_SIGN_STYLE = Automatic;
				CURRENT_PROJECT_VERSION = 1;
				DEVELOPMENT_ASSET_PATHS = "\"ThreadsClone/Preview Content\"";
				ENABLE_PREVIEWS = YES;
				GENERATE_INFOPLIST_FILE = YES;
				INFOPLIST_KEY_UIApplicationSceneManifest_Generation = YES;
				INFOPLIST_KEY_UIApplicationSupportsIndirectInputEvents = YES;
				INFOPLIST_KEY_UILaunchScreen_Generation = YES;
				INFOPLIST_KEY_UISupportedInterfaceOrientations_iPad = "UIInterfaceOrientationPortrait UIInterfaceOrientationPortraitUpsideDown UIInterfaceOrientationLandscapeLeft UIInterfaceOrientationLandscapeRight";
				INFOPLIST_KEY_UISupportedInterfaceOrientations_iPhone = "UIInterfaceOrientationPortrait UIInterfaceOrientationLandscapeLeft UIInterfaceOrientationLandscapeRight";
				LD_RUNPATH_SEARCH_PATHS = (
					"$(inherited)",
					"@executable_path/Frameworks",
				);
				MARKETING_VERSION = 1.0;
				PRODUCT_BUNDLE_IDENTIFIER = Vasan.ThreadsClone;
				PRODUCT_NAME = "$(TARGET_NAME)";
				SWIFT_EMIT_LOC_STRINGS = YES;
				SWIFT_VERSION = 5.0;
				TARGETED_DEVICE_FAMILY = "1,2";
			};
			name = Debug;
		};
		18210FB42AC6FBEF0062BCFC /* Release */ = {
			isa = XCBuildConfiguration;
			buildSettings = {
				ASSETCATALOG_COMPILER_APPICON_NAME = AppIcon;
				ASSETCATALOG_COMPILER_GLOBAL_ACCENT_COLOR_NAME = AccentColor;
				CODE_SIGN_STYLE = Automatic;
				CURRENT_PROJECT_VERSION = 1;
				DEVELOPMENT_ASSET_PATHS = "\"ThreadsClone/Preview Content\"";
				ENABLE_PREVIEWS = YES;
				GENERATE_INFOPLIST_FILE = YES;
				INFOPLIST_KEY_UIApplicationSceneManifest_Generation = YES;
				INFOPLIST_KEY_UIApplicationSupportsIndirectInputEvents = YES;
				INFOPLIST_KEY_UILaunchScreen_Generation = YES;
				INFOPLIST_KEY_UISupportedInterfaceOrientations_iPad = "UIInterfaceOrientationPortrait UIInterfaceOrientationPortraitUpsideDown UIInterfaceOrientationLandscapeLeft UIInterfaceOrientationLandscapeRight";
				INFOPLIST_KEY_UISupportedInterfaceOrientations_iPhone = "UIInterfaceOrientationPortrait UIInterfaceOrientationLandscapeLeft UIInterfaceOrientationLandscapeRight";
				LD_RUNPATH_SEARCH_PATHS = (
					"$(inherited)",
					"@executable_path/Frameworks",
				);
				MARKETING_VERSION = 1.0;
				PRODUCT_BUNDLE_IDENTIFIER = Vasan.ThreadsClone;
				PRODUCT_NAME = "$(TARGET_NAME)";
				SWIFT_EMIT_LOC_STRINGS = YES;
				SWIFT_VERSION = 5.0;
				TARGETED_DEVICE_FAMILY = "1,2";
			};
			name = Release;
		};
/* End XCBuildConfiguration section */

/* Begin XCConfigurationList section */
		18210F9F2AC6FBEE0062BCFC /* Build configuration list for PBXProject "ThreadsClone" */ = {
			isa = XCConfigurationList;
			buildConfigurations = (
				18210FB02AC6FBEF0062BCFC /* Debug */,
				18210FB12AC6FBEF0062BCFC /* Release */,
			);
			defaultConfigurationIsVisible = 0;
			defaultConfigurationName = Release;
		};
		18210FB22AC6FBEF0062BCFC /* Build configuration list for PBXNativeTarget "ThreadsClone" */ = {
			isa = XCConfigurationList;
			buildConfigurations = (
				18210FB32AC6FBEF0062BCFC /* Debug */,
				18210FB42AC6FBEF0062BCFC /* Release */,
			);
			defaultConfigurationIsVisible = 0;
			defaultConfigurationName = Release;
		};
/* End XCConfigurationList section */
	};
	rootObject = 18210F9C2AC6FBEE0062BCFC /* Project object */;
}
